
Microsoft Visual Studio Solution File, Format Version 12.00
# Visual Studio Version 17
VisualStudioVersion = 17.4.33122.133
MinimumVisualStudioVersion = 10.0.40219.1
Project("{FAE04EC0-301F-11D3-BF4B-00C04F79EFBC}") = "U1-W3-D5 Homework Backend", "U1-W3-D5 Homework Backend\U1-W3-D5 Homework Backend.csproj", "{6FA36AC6-E984-4B08-A7F1-32118636F556}"
EndProject
Global
	GlobalSection(SolutionConfigurationPlatforms) = preSolution
		Debug|Any CPU = Debug|Any CPU
		Release|Any CPU = Release|Any CPU
	EndGlobalSection
	GlobalSection(ProjectConfigurationPlatforms) = postSolution
		{6FA36AC6-E984-4B08-A7F1-32118636F556}.Debug|Any CPU.ActiveCfg = Debug|Any CPU
		{6FA36AC6-E984-4B08-A7F1-32118636F556}.Debug|Any CPU.Build.0 = Debug|Any CPU
		{6FA36AC6-E984-4B08-A7F1-32118636F556}.Release|Any CPU.ActiveCfg = Release|Any CPU
		{6FA36AC6-E984-4B08-A7F1-32118636F556}.Release|Any CPU.Build.0 = Release|Any CPU
	EndGlobalSection
	GlobalSection(SolutionProperties) = preSolution
		HideSolutionNode = FALSE
	EndGlobalSection
	GlobalSection(ExtensibilityGlobals) = postSolution
		SolutionGuid = {7CCEFB84-06B8-4355-A74B-14DDFE29E7EF}
	EndGlobalSection
EndGlobal
